{
    "_meta": {
        "hash": {
            "sha256": "2ddec9c9e94298d69a77c68cd29c101739ebbb7a3a562a39c9960ad20d0eb5ee"
        },
        "pipfile-spec": 6,
        "requires": {
            "python_version": "3.6"
        },
        "sources": [
            {
                "name": "pypi",
                "url": "https://pypi.org/simple",
                "verify_ssl": true
            }
        ]
    },
    "default": {
        "babel": {
            "hashes": [
                "sha256:9d35c22fcc79893c3ecc85ac4a56cde1ecf3f19c540bba0922308a6c06ca6fa5",
                "sha256:da031ab54472314f210b0adcff1588ee5d1d1d0ba4dbd07b94dba82bde791e05"
            ],
            "index": "pypi",
            "version": "==2.9.0"
        },
        "certifi": {
            "hashes": [
                "sha256:1f422849db327d534e3d0c5f02a263458c3955ec0aae4ff09b95f195c59f4edd",
                "sha256:f05def092c44fbf25834a51509ef6e631dc19765ab8a57b4e7ab85531f0a9cf4"
            ],
            "version": "==2020.11.8"
        },
        "chardet": {
            "hashes": [
                "sha256:84ab92ed1c4d4f16916e05906b6b75a6c0fb5db821cc65e70cbd64a3e2a5eaae",
                "sha256:fc323ffcaeaed0e0a02bf4d117757b98aed530d9ed4531e3e15460124c106691"
            ],
            "index": "pypi",
            "version": "==3.0.4"
        },
        "cheroot": {
            "hashes": [
                "sha256:1089c28a9c320d19fdf9a4b0ed6ace23a0948db1c171a36ac985f3741bc62865",
                "sha256:8134fe93ea2fdd9ab394bf21dd18cf4f51b7f2302b309fcab5bdf434c5048a6c"
            ],
            "version": "==8.4.8"
        },
        "cherrypy": {
            "hashes": [
                "sha256:56608edd831ad00991ae585625e0206ed61cf1a0850e4b2cc48489fb2308c499",
                "sha256:c0a7283f02a384c112a0a18404fd3abd849fc7fd4bec19378067150a2573d2e4"
            ],
            "index": "pypi",
            "version": "==18.6.0"
        },
        "colorama": {
            "hashes": [
                "sha256:5941b2b48a20143d2267e95b1c2a7603ce057ee39fd88e7329b0c292aa16869b",
                "sha256:9f47eda37229f68eee03b24b9748937c7dc3868f906e8ba69fbcbdd3bc5dc3e2"
            ],
            "index": "pypi",
            "version": "==0.4.4"
        },
        "genshi": {
            "hashes": [
                "sha256:507edff06388c7d8136fecbd9f4e09bc8e199af1a45238be304ce60523f2efa7",
                "sha256:c12d6c2abf7df0ec661d9ff2e197522eae846e43dc58abd5a36443d05bc41135"
            ],
            "index": "pypi",
            "version": "==0.7.5"
        },
        "greenlet": {
            "hashes": [
                "sha256:00a4f2bc499bf6a3c09de4bae8c9eb95418cf0fc71826f9310d3e10b9484f38a",
                "sha256:1757050236e55806fab391b62cd084e56d16f23375012b84540f182fec643782",
                "sha256:256d1c4a74a3e4673ec46c270fcedbe6038e21852bebcc1b5a210fd8ae573a0b",
                "sha256:2b0a7e95110319819eab7c350f8a4a8308ecb27a9c558cbf78fe3468c3c884bc",
                "sha256:2ea5f116105cb0994303da910067428fe083be13091a20fc25ff90504a8fbd29",
                "sha256:36c438c7c072763b6bd821d437eee2c179f169318f45fb5ff61763897833446b",
                "sha256:411a2973a073e1a7460e974182df92f12ee11b6b73c0398002bd11faf69bc7f5",
                "sha256:4569b6fc594f41a0ec47d7aec39fd1dfc24e43ddcf3e6835bdd943516c44749b",
                "sha256:55f28936f498ca95578db6fed5048e01dcbdb3d6db6e3c2d9ca389d5efb89467",
                "sha256:6b68aa06197b3a36384ced8d691bb593bfa026b286f6112370f476ffeee12f34",
                "sha256:7394e14c5466985adfac33d68376dd2ada95d73fe07052eeb3392af83b314ffe",
                "sha256:77587f9e69a7b64ad008dfcd7fc745a87685eb978ac5bf11edb56fb345c56749",
                "sha256:81710ec4724864abf1cabaf7b448544fffe8d3eb8e9a00aac8257cc26ce259bd",
                "sha256:847fb8265cef62839018b2b20f96237877a0093d8d9ec02e5afb6edbeda4289f",
                "sha256:873bfd64fd37831ef7014d24e576e1e8b01bea1c1e70eb9f5c2a07c595d8f778",
                "sha256:9249796c5ddc277be194c9da9e0a3e9bf3d11f6e2497f13f2ee65ac38a824714",
                "sha256:977c4aeb86dd8c02b32526a3ba0bdc8be4aad2fabd8c77ba58eddc2bc86c31ce",
                "sha256:a037701be277b7df34fdf4141287587e00ee693e105d1b5985724774d7829f72",
                "sha256:addfacb08e42398b2d47dc3d2539b933fac6aff34f06d00bcb48021da976a093",
                "sha256:af78987a646280263647e65bf19eef4c6bc0b5e1a66c264779907efae51f1434",
                "sha256:b1f85582bd1d9c6de8db2f840f4f9514d548fe381fe97fab64601bc5e9fafc6d",
                "sha256:b9f5fa4b4b8e8e9d7023cec478edaa2f02e23000d017dbccd04de3522ea1b009",
                "sha256:bbc19e946069b6cd2a9d235e20b140c961fce52d0d9b9bfe03ddbf45dba7e7fe",
                "sha256:c260b4f84b4784baf766dd855abd6333c2f42fe30f4634da213170ccc922f899",
                "sha256:c8c0c9f1fb87fbef28a70ac42ba55e2ee133cbb3c0f167de8923f5cb4d0050c8",
                "sha256:ca406d22f14344e8fe3fb55b375a24550efb0104f3b26a5ee8826071f78b94c3",
                "sha256:d4059e6e210129ea53163751afcbb4eac3fff8f221c1a60c126f55a9f7e2c543",
                "sha256:d8da5b350d719c0b03cf257bc10aa67262eb3ed1896690f1375766b936f5f501",
                "sha256:e6177b9b299c83b5a23677156c6773875e8bcd4c99cf707602eb92cc9efb5211",
                "sha256:ec441663e2de5eec487e29bad9324e8239e557096b4f88554366c78e7b0c33ad",
                "sha256:ec56975fffc2ef2a8d1c0af9eb58769f71a1fd88c4d1f690b67a2c34d336402e",
                "sha256:ed2fa1a9d1556f937c4bf58241d670da9a6c833c14ecadccb7f891a4bb22d05a",
                "sha256:ee9caa8a2c928f009e85ae3656d3e1c8e1fe7efdc64c6cddcbfc595bd55ebbb1",
                "sha256:f2e835dddba0acdb4c65f28d437733f781abbe9f5248681566aff46226b44662",
                "sha256:f49710d7fdf16e359df9071a9552b03e72129b19423f9bf88393d747e89d2645",
                "sha256:f707788647fe07e729abcb6d76de6ef5f06eb2c20bc059295f4041f8c663dc85",
                "sha256:fbd7e63d8e04e9f5f0438bd84b16b5dc907072e4d10cc7ef973a66aad5f17b46",
                "sha256:feaa41c4fc47da4814b4cec8174da31b65490fcd710c28d495b96dbc63586b81"
            ],
            "markers": "python_version >= '3'",
            "version": "==1.0a1"
        },
        "html5lib": {
            "hashes": [
                "sha256:0d78f8fde1c230e99fe37986a60526d7049ed4bf8a9fadbad5f00e22e58e041d",
                "sha256:b2e5b40261e20f354d198eae92afc10d750afb487ed5e50f9c4eaf07c184146f"
            ],
            "index": "pypi",
            "version": "==1.1"
        },
        "idna": {
            "hashes": [
                "sha256:b307872f855b18632ce0c21c5e45be78c0ea7ae4c15c828c20788b26921eb3f6",
                "sha256:b97d804b1e9b523befed77c48dacec60e6dcb0b5391d57af6a65a312a90648c0"
            ],
            "version": "==2.10"
        },
        "importlib-metadata": {
            "hashes": [
                "sha256:590690d61efdd716ff82c39ca9a9d4209252adfe288a4b5721181050acbd4175",
                "sha256:d9b8a46a0885337627a6430db287176970fff18ad421becec1d64cfc763c2099"
            ],
            "markers": "python_version < '3.8'",
            "version": "==3.1.0"
        },
        "importlib-resources": {
            "hashes": [
                "sha256:7b51f0106c8ec564b1bef3d9c588bc694ce2b92125bbb6278f4f2f5b54ec3592",
                "sha256:a3d34a8464ce1d5d7c92b0ea4e921e696d86f2aa212e684451cb1482c8d84ed5"
            ],
            "markers": "python_version < '3.7'",
            "version": "==3.3.0"
        },
        "isodate": {
            "hashes": [
                "sha256:2e364a3d5759479cdb2d37cce6b9376ea504db2ff90252a2e5b7cc89cc9ff2d8",
                "sha256:aa4d33c06640f5352aca96e4b81afd8ab3b47337cc12089822d6f322ac772c81"
            ],
            "index": "pypi",
            "version": "==0.6.0"
        },
        "jaraco.classes": {
            "hashes": [
                "sha256:116429c2047953f525afdcae165475c4589c7b14870e78b2d068ecb01018827e",
                "sha256:c38698ff8ef932eb33d91c0e8fc192ad7c44ecee03f7f585afd4f35aeaef7aab"
            ],
            "version": "==3.1.0"
        },
        "jaraco.collections": {
            "hashes": [
                "sha256:a7889f28c80c4875bd6256d9924e8526dacfef22cd7b80ff8469b4d312f9f144",
                "sha256:be570ef4f2e7290b757449395238fa63d70a9255574624e73c5ff9f1ee554721"
            ],
            "version": "==3.0.0"
        },
        "jaraco.functools": {
            "hashes": [
                "sha256:9fedc4be3117512ca3e03e1b2ffa7a6a6ffa589bfb7d02bfb324e55d493b94f4",
                "sha256:d3dc9f6c1a1d45d7f59682a3bf77aceb685c1a60891606c7e4161e72ecc399ad"
            ],
            "version": "==3.0.1"
        },
        "jaraco.text": {
            "hashes": [
                "sha256:c87569c9afae14f71b2e1c57f316770ab6981ab675d9c602be1c7981161bacdd",
                "sha256:e5078b1126cc0f166c7859aa75103a56c0d0f39ebcafc21695615472e0f810ec"
            ],
            "version": "==3.2.0"
        },
        "libgutenberg": {
            "editable": true,
            "git": "git://github.com/gutenbergtools/libgutenberg.git",
            "ref": "0f22d173e58a57070ae0e4560e06eb829d871326"
        },
        "lxml": {
            "hashes": [
                "sha256:098fb713b31050463751dcc694878e1d39f316b86366fb9fe3fbbe5396ac9fab",
                "sha256:0e89f5d422988c65e6936e4ec0fe54d6f73f3128c80eb7ecc3b87f595523607b",
                "sha256:189ad47203e846a7a4951c17694d845b6ade7917c47c64b29b86526eefc3adf5",
                "sha256:1d87936cb5801c557f3e981c9c193861264c01209cb3ad0964a16310ca1b3301",
                "sha256:211b3bcf5da70c2d4b84d09232534ad1d78320762e2c59dedc73bf01cb1fc45b",
                "sha256:2358809cc64394617f2719147a58ae26dac9e21bae772b45cfb80baa26bfca5d",
                "sha256:23c83112b4dada0b75789d73f949dbb4e8f29a0a3511647024a398ebd023347b",
                "sha256:24e811118aab6abe3ce23ff0d7d38932329c513f9cef849d3ee88b0f848f2aa9",
                "sha256:2d5896ddf5389560257bbe89317ca7bcb4e54a02b53a3e572e1ce4226512b51b",
                "sha256:2d6571c48328be4304aee031d2d5046cbc8aed5740c654575613c5a4f5a11311",
                "sha256:2e311a10f3e85250910a615fe194839a04a0f6bc4e8e5bb5cac221344e3a7891",
                "sha256:302160eb6e9764168e01d8c9ec6becddeb87776e81d3fcb0d97954dd51d48e0a",
                "sha256:3a7a380bfecc551cfd67d6e8ad9faa91289173bdf12e9cfafbd2bdec0d7b1ec1",
                "sha256:3d9b2b72eb0dbbdb0e276403873ecfae870599c83ba22cadff2db58541e72856",
                "sha256:475325e037fdf068e0c2140b818518cf6bc4aa72435c407a798b2db9f8e90810",
                "sha256:4b7572145054330c8e324a72d808c8c8fbe12be33368db28c39a255ad5f7fb51",
                "sha256:4fff34721b628cce9eb4538cf9a73d02e0f3da4f35a515773cce6f5fe413b360",
                "sha256:56eff8c6fb7bc4bcca395fdff494c52712b7a57486e4fbde34c31bb9da4c6cc4",
                "sha256:573b2f5496c7e9f4985de70b9bbb4719ffd293d5565513e04ac20e42e6e5583f",
                "sha256:7ecaef52fd9b9535ae5f01a1dd2651f6608e4ec9dc136fc4dfe7ebe3c3ddb230",
                "sha256:803a80d72d1f693aa448566be46ffd70882d1ad8fc689a2e22afe63035eb998a",
                "sha256:8862d1c2c020cb7a03b421a9a7b4fe046a208db30994fc8ff68c627a7915987f",
                "sha256:9b06690224258db5cd39a84e993882a6874676f5de582da57f3df3a82ead9174",
                "sha256:a71400b90b3599eb7bf241f947932e18a066907bf84617d80817998cee81e4bf",
                "sha256:bb252f802f91f59767dcc559744e91efa9df532240a502befd874b54571417bd",
                "sha256:be1ebf9cc25ab5399501c9046a7dcdaa9e911802ed0e12b7d620cd4bbf0518b3",
                "sha256:be7c65e34d1b50ab7093b90427cbc488260e4b3a38ef2435d65b62e9fa3d798a",
                "sha256:c0dac835c1a22621ffa5e5f999d57359c790c52bbd1c687fe514ae6924f65ef5",
                "sha256:c152b2e93b639d1f36ec5a8ca24cde4a8eefb2b6b83668fcd8e83a67badcb367",
                "sha256:d182eada8ea0de61a45a526aa0ae4bcd222f9673424e65315c35820291ff299c",
                "sha256:d18331ea905a41ae71596502bd4c9a2998902328bbabd29e3d0f5f8569fabad1",
                "sha256:d20d32cbb31d731def4b1502294ca2ee99f9249b63bc80e03e67e8f8e126dea8",
                "sha256:d4ad7fd3269281cb471ad6c7bafca372e69789540d16e3755dd717e9e5c9d82f",
                "sha256:d6f8c23f65a4bfe4300b85f1f40f6c32569822d08901db3b6454ab785d9117cc",
                "sha256:d84d741c6e35c9f3e7406cb7c4c2e08474c2a6441d59322a00dcae65aac6315d",
                "sha256:e65c221b2115a91035b55a593b6eb94aa1206fa3ab374f47c6dc10d364583ff9",
                "sha256:f98b6f256be6cec8dd308a8563976ddaff0bdc18b730720f6f4bee927ffe926f"
            ],
            "version": "==4.6.1"
        },
        "more-itertools": {
            "hashes": [
                "sha256:8e1a2a43b2f2727425f2b5839587ae37093f19153dc26c0927d1048ff6557330",
                "sha256:b3a9005928e5bed54076e6e549c792b306fddfe72b2d1d22dd63d42d5d3899cf"
            ],
            "version": "==8.6.0"
        },
        "netaddr": {
            "hashes": [
                "sha256:9666d0232c32d2656e5e5f8d735f58fd6c7457ce52fc21c98d45f2af78f990ac",
                "sha256:d6cc57c7a07b1d9d2e917aa8b36ae8ce61c35ba3fcd1b83ca31c5a0ee2b5a243"
            ],
            "index": "pypi",
            "version": "==0.8.0"
        },
        "oauth": {
            "hashes": [
                "sha256:e769819ff0b0c043d020246ce1defcaadd65b9c21d244468a45a7f06cb88af5d"
            ],
            "index": "pypi",
            "version": "==1.0.1"
        },
        "oauthlib": {
            "hashes": [
                "sha256:bee41cc35fcca6e988463cacc3bcb8a96224f470ca547e697b604cc697b2f889",
                "sha256:df884cd6cbe20e32633f1db1072e9356f53638e4361bef4e8b03c9127c9328ea"
            ],
            "index": "pypi",
            "version": "==3.1.0"
        },
        "pillow": {
            "hashes": [
                "sha256:006de60d7580d81f4a1a7e9f0173dc90a932e3905cc4d47ea909bc946302311a",
                "sha256:0a2e8d03787ec7ad71dc18aec9367c946ef8ef50e1e78c71f743bc3a770f9fae",
                "sha256:0eeeae397e5a79dc088d8297a4c2c6f901f8fb30db47795113a4a605d0f1e5ce",
                "sha256:11c5c6e9b02c9dac08af04f093eb5a2f84857df70a7d4a6a6ad461aca803fb9e",
                "sha256:2fb113757a369a6cdb189f8df3226e995acfed0a8919a72416626af1a0a71140",
                "sha256:4b0ef2470c4979e345e4e0cc1bbac65fda11d0d7b789dbac035e4c6ce3f98adb",
                "sha256:59e903ca800c8cfd1ebe482349ec7c35687b95e98cefae213e271c8c7fffa021",
                "sha256:5abd653a23c35d980b332bc0431d39663b1709d64142e3652890df4c9b6970f6",
                "sha256:5f9403af9c790cc18411ea398a6950ee2def2a830ad0cfe6dc9122e6d528b302",
                "sha256:6b4a8fd632b4ebee28282a9fef4c341835a1aa8671e2770b6f89adc8e8c2703c",
                "sha256:6c1aca8231625115104a06e4389fcd9ec88f0c9befbabd80dc206c35561be271",
                "sha256:795e91a60f291e75de2e20e6bdd67770f793c8605b553cb6e4387ce0cb302e09",
                "sha256:7ba0ba61252ab23052e642abdb17fd08fdcfdbbf3b74c969a30c58ac1ade7cd3",
                "sha256:7c9401e68730d6c4245b8e361d3d13e1035cbc94db86b49dc7da8bec235d0015",
                "sha256:81f812d8f5e8a09b246515fac141e9d10113229bc33ea073fec11403b016bcf3",
                "sha256:895d54c0ddc78a478c80f9c438579ac15f3e27bf442c2a9aa74d41d0e4d12544",
                "sha256:8de332053707c80963b589b22f8e0229f1be1f3ca862a932c1bcd48dafb18dd8",
                "sha256:92c882b70a40c79de9f5294dc99390671e07fc0b0113d472cbea3fde15db1792",
                "sha256:95edb1ed513e68bddc2aee3de66ceaf743590bf16c023fb9977adc4be15bd3f0",
                "sha256:b63d4ff734263ae4ce6593798bcfee6dbfb00523c82753a3a03cbc05555a9cc3",
                "sha256:bd7bf289e05470b1bc74889d1466d9ad4a56d201f24397557b6f65c24a6844b8",
                "sha256:cc3ea6b23954da84dbee8025c616040d9aa5eaf34ea6895a0a762ee9d3e12e11",
                "sha256:cc9ec588c6ef3a1325fa032ec14d97b7309db493782ea8c304666fb10c3bd9a7",
                "sha256:d3d07c86d4efa1facdf32aa878bd508c0dc4f87c48125cc16b937baa4e5b5e11",
                "sha256:d8a96747df78cda35980905bf26e72960cba6d355ace4780d4bdde3b217cdf1e",
                "sha256:e38d58d9138ef972fceb7aeec4be02e3f01d383723965bfcef14d174c8ccd039",
                "sha256:eb472586374dc66b31e36e14720747595c2b265ae962987261f044e5cce644b5",
                "sha256:fbd922f702582cb0d71ef94442bfca57624352622d75e3be7a1e7e9360b07e72"
            ],
            "index": "pypi",
            "version": "==8.0.1"
        },
        "portend": {
            "hashes": [
                "sha256:ac0e57ae557f75dc47467579980af152e8f60bc2139547eff8469777d9110379",
                "sha256:f101c1aa58ef0718dcf591017adecbdcb54cf528721ecc5a138421511b80a285"
            ],
            "version": "==2.7.0"
        },
        "psycopg2": {
            "hashes": [
                "sha256:02445ebbb3a11a3fe8202c413d5e6faf38bb75b4e336203ee144ca2c46529f94",
                "sha256:0e9873e60f98f0c52339abf8f0339d1e22bfe5aae0bcf7aabd40c055175035ec",
                "sha256:1148a5eb29073280bf9057c7fc45468592c1bb75a28f6df1591adb93c8cb63d0",
                "sha256:259a8324e109d4922b0fcd046e223e289830e2568d6f4132a3702439e5fd532b",
                "sha256:28dffa9ed4595429e61bacac41d3f9671bb613d1442ff43bcbec63d4f73ed5e8",
                "sha256:314a74302d4737a3865d40ea50e430ce1543c921ba10f39d562e807cfe2edf2a",
                "sha256:36b60201b6d215d7658a71493fdf6bd5e60ad9a0cffed39906627ff9f4f3afd3",
                "sha256:3f9d532bce54c4234161176ff3b8688ff337575ca441ea27597e112dfcd0ee0c",
                "sha256:5d222983847b40af989ad96c07fc3f07e47925e463baa5de716be8f805b41d9b",
                "sha256:6757a6d2fc58f7d8f5d471ad180a0bd7b4dd3c7d681f051504fbea7ae29c8d6f",
                "sha256:6a0e0f1e74edb0ab57d89680e59e7bfefad2bfbdf7c80eb38304d897d43674bb",
                "sha256:6ca703ccdf734e886a1cf53eb702261110f6a8b0ed74bcad15f1399f74d3f189",
                "sha256:8513b953d8f443c446aa79a4cc8a898bd415fc5e29349054f03a7d696d495542",
                "sha256:9262a5ce2038570cb81b4d6413720484cb1bc52c064b2f36228d735b1f98b794",
                "sha256:97441f851d862a0c844d981cbee7ee62566c322ebb3d68f86d66aa99d483985b",
                "sha256:a07feade155eb8e69b54dd6774cf6acf2d936660c61d8123b8b6b1f9247b67d6",
                "sha256:a9b9c02c91b1e3ec1f1886b2d0a90a0ea07cc529cb7e6e472b556bc20ce658f3",
                "sha256:ae88216f94728d691b945983140bf40d51a1ff6c7fe57def93949bf9339ed54a",
                "sha256:b360ffd17659491f1a6ad7c928350e229c7b7bd83a2b922b6ee541245c7a776f",
                "sha256:b4221957ceccf14b2abdabef42d806e791350be10e21b260d7c9ce49012cc19e",
                "sha256:b90758e49d5e6b152a460d10b92f8a6ccf318fcc0ee814dcf53f3a6fc5328789",
                "sha256:c669ea986190ed05fb289d0c100cc88064351f2b85177cbfd3564c4f4847d18c",
                "sha256:d1b61999d15c79cf7f4f7cc9021477aef35277fc52452cf50fd13b713c84424d",
                "sha256:de7bb043d1adaaf46e38d47e7a5f703bb3dab01376111e522b07d25e1a79c1e1",
                "sha256:e393568e288d884b94d263f2669215197840d097c7e5b0acd1a51c1ea7d1aba8",
                "sha256:ed7e0849337bd37d89f2c2b0216a0de863399ee5d363d31b1e5330a99044737b",
                "sha256:f153f71c3164665d269a5d03c7fa76ba675c7a8de9dc09a4e2c2cdc9936a7b41",
                "sha256:f1fb5a8427af099beb7f65093cbdb52e021b8e6dbdfaf020402a623f4181baf5",
                "sha256:f36b333e9f86a2fba960c72b90c34be6ca71819e300f7b1fc3d2b0f0b2c546cd",
                "sha256:f4526d078aedd5187d0508aa5f9a01eae6a48a470ed678406da94b4cd6524b7e"
            ],
            "index": "pypi",
            "version": "==2.7.7"
        },
        "pyparsing": {
            "hashes": [
                "sha256:13140e8d0e1edd806eb50f18535d77f2143b40771d4aaef6b4950dd93d48a7db",
                "sha256:38891c1032d0c759f0fa5ed3a8f249fd992b083fa2303ead58ee48a51b269e02"
            ],
            "index": "pypi",
            "version": "==3.0.0b1"
        },
        "pytz": {
            "hashes": [
                "sha256:3e6b7dd2d1e0a59084bcee14a17af60c5c562cdc16d828e8eba2e683d3a7e268",
                "sha256:5c55e189b682d420be27c6995ba6edce0c0a77dd67bfbe2ae6607134d5851ffd"
            ],
            "index": "pypi",
            "version": "==2020.4"
        },
        "qrcode": {
            "hashes": [
                "sha256:3996ee560fc39532910603704c82980ff6d4d5d629f9c3f25f34174ce8606cf5",
                "sha256:505253854f607f2abf4d16092c61d4e9d511a3b4392e60bff957a68592b04369"
            ],
            "index": "pypi",
            "version": "==6.1"
        },
        "rdflib": {
            "hashes": [
                "sha256:78149dd49d385efec3b3adfbd61c87afaf1281c30d3fcaf1b323b34f603fb155",
                "sha256:88208ea971a87886d60ae2b1a4b2cdc263527af0454c422118d43fe64b357877"
            ],
            "index": "pypi",
            "version": "==5.0.0"
        },
        "regex": {
            "hashes": [
                "sha256:02951b7dacb123d8ea6da44fe45ddd084aa6777d4b2454fa0da61d569c6fa538",
                "sha256:0d08e71e70c0237883d0bef12cad5145b84c3705e9c6a588b2a9c7080e5af2a4",
                "sha256:1862a9d9194fae76a7aaf0150d5f2a8ec1da89e8b55890b1786b8f88a0f619dc",
                "sha256:1ab79fcb02b930de09c76d024d279686ec5d532eb814fd0ed1e0051eb8bd2daa",
                "sha256:1fa7ee9c2a0e30405e21031d07d7ba8617bc590d391adfc2b7f1e8b99f46f444",
                "sha256:262c6825b309e6485ec2493ffc7e62a13cf13fb2a8b6d212f72bd53ad34118f1",
                "sha256:2a11a3e90bd9901d70a5b31d7dd85114755a581a5da3fc996abfefa48aee78af",
                "sha256:2c99e97d388cd0a8d30f7c514d67887d8021541b875baf09791a3baad48bb4f8",
                "sha256:3128e30d83f2e70b0bed9b2a34e92707d0877e460b402faca908c6667092ada9",
                "sha256:38c8fd190db64f513fe4e1baa59fed086ae71fa45083b6936b52d34df8f86a88",
                "sha256:3bddc701bdd1efa0d5264d2649588cbfda549b2899dc8d50417e47a82e1387ba",
                "sha256:4902e6aa086cbb224241adbc2f06235927d5cdacffb2425c73e6570e8d862364",
                "sha256:49cae022fa13f09be91b2c880e58e14b6da5d10639ed45ca69b85faf039f7a4e",
                "sha256:56e01daca75eae420bce184edd8bb341c8eebb19dd3bce7266332258f9fb9dd7",
                "sha256:5862975b45d451b6db51c2e654990c1820523a5b07100fc6903e9c86575202a0",
                "sha256:6a8ce43923c518c24a2579fda49f093f1397dad5d18346211e46f134fc624e31",
                "sha256:6c54ce4b5d61a7129bad5c5dc279e222afd00e721bf92f9ef09e4fae28755683",
                "sha256:6e4b08c6f8daca7d8f07c8d24e4331ae7953333dbd09c648ed6ebd24db5a10ee",
                "sha256:717881211f46de3ab130b58ec0908267961fadc06e44f974466d1887f865bd5b",
                "sha256:749078d1eb89484db5f34b4012092ad14b327944ee7f1c4f74d6279a6e4d1884",
                "sha256:7913bd25f4ab274ba37bc97ad0e21c31004224ccb02765ad984eef43e04acc6c",
                "sha256:7a25fcbeae08f96a754b45bdc050e1fb94b95cab046bf56b016c25e9ab127b3e",
                "sha256:83d6b356e116ca119db8e7c6fc2983289d87b27b3fac238cfe5dca529d884562",
                "sha256:8b882a78c320478b12ff024e81dc7d43c1462aa4a3341c754ee65d857a521f85",
                "sha256:8f6a2229e8ad946e36815f2a03386bb8353d4bde368fdf8ca5f0cb97264d3b5c",
                "sha256:9801c4c1d9ae6a70aeb2128e5b4b68c45d4f0af0d1535500884d644fa9b768c6",
                "sha256:a15f64ae3a027b64496a71ab1f722355e570c3fac5ba2801cafce846bf5af01d",
                "sha256:a3d748383762e56337c39ab35c6ed4deb88df5326f97a38946ddd19028ecce6b",
                "sha256:a63f1a07932c9686d2d416fb295ec2c01ab246e89b4d58e5fa468089cab44b70",
                "sha256:b2b1a5ddae3677d89b686e5c625fc5547c6e492bd755b520de5332773a8af06b",
                "sha256:b2f4007bff007c96a173e24dcda236e5e83bde4358a557f9ccf5e014439eae4b",
                "sha256:baf378ba6151f6e272824b86a774326f692bc2ef4cc5ce8d5bc76e38c813a55f",
                "sha256:bafb01b4688833e099d79e7efd23f99172f501a15c44f21ea2118681473fdba0",
                "sha256:bba349276b126947b014e50ab3316c027cac1495992f10e5682dc677b3dfa0c5",
                "sha256:c084582d4215593f2f1d28b65d2a2f3aceff8342aa85afd7be23a9cad74a0de5",
                "sha256:d1ebb090a426db66dd80df8ca85adc4abfcbad8a7c2e9a5ec7513ede522e0a8f",
                "sha256:d2d8ce12b7c12c87e41123997ebaf1a5767a5be3ec545f64675388970f415e2e",
                "sha256:e32f5f3d1b1c663af7f9c4c1e72e6ffe9a78c03a31e149259f531e0fed826512",
                "sha256:e3faaf10a0d1e8e23a9b51d1900b72e1635c2d5b0e1bea1c18022486a8e2e52d",
                "sha256:f7d29a6fc4760300f86ae329e3b6ca28ea9c20823df123a2ea8693e967b29917",
                "sha256:f8f295db00ef5f8bae530fc39af0b40486ca6068733fb860b42115052206466f"
            ],
            "index": "pypi",
            "version": "==2020.11.13"
        },
        "repoze.lru": {
            "hashes": [
                "sha256:0429a75e19380e4ed50c0694e26ac8819b4ea7851ee1fc7583c8572db80aff77",
                "sha256:f77bf0e1096ea445beadd35f3479c5cff2aa1efe604a133e67150bc8630a62ea"
            ],
            "index": "pypi",
            "version": "==0.7"
        },
        "requests": {
            "hashes": [
                "sha256:7f1a0b932f4a60a1a65caa4263921bb7d9ee911957e0ae4a23a6dd08185ad5f8",
                "sha256:e786fa28d8c9154e6a4de5d46a1d921b8749f8b74e28bde23768e5e16eece998"
            ],
            "index": "pypi",
            "version": "==2.25.0"
        },
        "requests-oauthlib": {
            "hashes": [
                "sha256:7f71572defaecd16372f9006f33c2ec8c077c3cfa6f5911a9a90202beb513f3d",
                "sha256:b4261601a71fd721a8bd6d7aa1cc1d6a8a93b4a9f5e96626f8e4d91e8beeaa6a"
            ],
            "index": "pypi",
            "version": "==1.3.0"
        },
        "routes": {
            "hashes": [
                "sha256:b6346459a15f0cbab01a45a90c3d25caf980d4733d628b4cc1952b865125d053",
                "sha256:fab5a042a3a87778eb271d053ca2723cadf43c95b471532a191a48539cb606ea"
            ],
            "index": "pypi",
            "version": "==2.5.1"
        },
        "simplejson": {
            "hashes": [
                "sha256:034550078a11664d77bc1a8364c90bb7eef0e44c2dbb1fd0a4d92e3997088667",
                "sha256:05b43d568300c1cd43f95ff4bfcff984bc658aa001be91efb3bb21df9d6288d3",
                "sha256:0dd9d9c738cb008bfc0862c9b8fa6743495c03a0ed543884bf92fb7d30f8d043",
                "sha256:10fc250c3edea4abc15d930d77274ddb8df4803453dde7ad50c2f5565a18a4bb",
                "sha256:2862beabfb9097a745a961426fe7daf66e1714151da8bb9a0c430dde3d59c7c0",
                "sha256:292c2e3f53be314cc59853bd20a35bf1f965f3bc121e007ab6fd526ed412a85d",
                "sha256:2d3eab2c3fe52007d703a26f71cf649a8c771fcdd949a3ae73041ba6797cfcf8",
                "sha256:2e7b57c2c146f8e4dadf84977a83f7ee50da17c8861fd7faf694d55e3274784f",
                "sha256:311f5dc2af07361725033b13cc3d0351de3da8bede3397d45650784c3f21fbcf",
                "sha256:344e2d920a7f27b4023c087ab539877a1e39ce8e3e90b867e0bfa97829824748",
                "sha256:3fabde09af43e0cbdee407555383063f8b45bfb52c361bc5da83fcffdb4fd278",
                "sha256:42b8b8dd0799f78e067e2aaae97e60d58a8f63582939af60abce4c48631a0aa4",
                "sha256:4b3442249d5e3893b90cb9f72c7d6ce4d2ea144d2c0d9f75b9ae1e5460f3121a",
                "sha256:55d65f9cc1b733d85ef95ab11f559cce55c7649a2160da2ac7a078534da676c8",
                "sha256:5c659a0efc80aaaba57fcd878855c8534ecb655a28ac8508885c50648e6e659d",
                "sha256:72d8a3ffca19a901002d6b068cf746be85747571c6a7ba12cbcf427bfb4ed971",
                "sha256:75ecc79f26d99222a084fbdd1ce5aad3ac3a8bd535cd9059528452da38b68841",
                "sha256:76ac9605bf2f6d9b56abf6f9da9047a8782574ad3531c82eae774947ae99cc3f",
                "sha256:7d276f69bfc8c7ba6c717ba8deaf28f9d3c8450ff0aa8713f5a3280e232be16b",
                "sha256:7f10f8ba9c1b1430addc7dd385fc322e221559d3ae49b812aebf57470ce8de45",
                "sha256:8042040af86a494a23c189b5aa0ea9433769cc029707833f261a79c98e3375f9",
                "sha256:813846738277729d7db71b82176204abc7fdae2f566e2d9fcf874f9b6472e3e6",
                "sha256:845a14f6deb124a3bcb98a62def067a67462a000e0508f256f9c18eff5847efc",
                "sha256:869a183c8e44bc03be1b2bbcc9ec4338e37fa8557fc506bf6115887c1d3bb956",
                "sha256:8acf76443cfb5c949b6e781c154278c059b09ac717d2757a830c869ba000cf8d",
                "sha256:8f713ea65958ef40049b6c45c40c206ab363db9591ff5a49d89b448933fa5746",
                "sha256:934115642c8ba9659b402c8bdbdedb48651fb94b576e3b3efd1ccb079609b04a",
                "sha256:9551f23e09300a9a528f7af20e35c9f79686d46d646152a0c8fc41d2d074d9b0",
                "sha256:9a2b7543559f8a1c9ed72724b549d8cc3515da7daf3e79813a15bdc4a769de25",
                "sha256:a55c76254d7cf8d4494bc508e7abb993a82a192d0db4552421e5139235604625",
                "sha256:ad8f41c2357b73bc9e8606d2fa226233bf4d55d85a8982ecdfd55823a6959995",
                "sha256:af4868da7dd53296cd7630687161d53a7ebe2e63814234631445697bd7c29f46",
                "sha256:afebfc3dd3520d37056f641969ce320b071bc7a0800639c71877b90d053e087f",
                "sha256:b59aa298137ca74a744c1e6e22cfc0bf9dca3a2f41f51bc92eb05695155d905a",
                "sha256:bc00d1210567a4cdd215ac6e17dc00cb9893ee521cee701adfd0fa43f7c73139",
                "sha256:c1cb29b1fced01f97e6d5631c3edc2dadb424d1f4421dad079cb13fc97acb42f",
                "sha256:c94dc64b1a389a416fc4218cd4799aa3756f25940cae33530a4f7f2f54f166da",
                "sha256:ceaa28a5bce8a46a130cd223e895080e258a88d51bf6e8de2fc54a6ef7e38c34",
                "sha256:cff6453e25204d3369c47b97dd34783ca820611bd334779d22192da23784194b",
                "sha256:d0b64409df09edb4c365d95004775c988259efe9be39697d7315c42b7a5e7e94",
                "sha256:d4813b30cb62d3b63ccc60dd12f2121780c7a3068db692daeb90f989877aaf04",
                "sha256:da3c55cdc66cfc3fffb607db49a42448785ea2732f055ac1549b69dcb392663b",
                "sha256:e058c7656c44fb494a11443191e381355388443d543f6fc1a245d5d238544396",
                "sha256:fed0f22bf1313ff79c7fc318f7199d6c2f96d4de3234b2f12a1eab350e597c06",
                "sha256:ffd4e4877a78c84d693e491b223385e0271278f5f4e1476a4962dca6824ecfeb"
            ],
            "index": "pypi",
            "version": "==3.17.2"
        },
        "six": {
            "hashes": [
                "sha256:30639c035cdb23534cd4aa2dd52c3bf48f06e5f4a941509c8bafd8ce11080259",
                "sha256:8b74bedcbbbaca38ff6d7491d76f2b06b3592611af620f8426e82dddb04a5ced"
            ],
            "index": "pypi",
            "version": "==1.15.0"
        },
        "sqlalchemy": {
            "hashes": [
                "sha256:0f598fda22895cae04588fba211271d5eeae33ca7db8fa8611fcb68d3289d918",
                "sha256:125fa3cf8212d803624f7d5eef1c8e7028170aba4bc21a622e81012050da8826",
                "sha256:20c581b9ded33fc39a23c87087a627e6419271b11e1f694f5710349bac411cb4",
                "sha256:31444b0718b2e235a57a36236e99fa0312196c407614591417779fae43c846e5",
                "sha256:3a37e48b027b4e468cefdf36d3971ab75687a67e429bffa3b969a8b7eec8cdad",
                "sha256:3b4ab743db16179147bb9ae3aa925cf0ec82bc6844b032107ed6ca7c3247847d",
                "sha256:3baab895b75501f36ce12b2d4adc4ce30d0205c4fe1e791e156302afaa614827",
                "sha256:3ca2224fe4ebff1ed6892bb64ca109b771fdfb0e02fba7bc23b51821ec6c0b38",
                "sha256:46a59414b142570af0e92362751f5402336be0a8cfebd6718f107f2ac284fa80",
                "sha256:64962c64a21861a1785a4cfbc6f90d941c6f53a29fc2139ae2e2d2d29eed9c0e",
                "sha256:684062f66e70e4527002813381f4658e0ac3584d0cf8f621015ba219434df72f",
                "sha256:6a518abe2f515d83f07628bae85def7154b2eb9e94bb7f574056a182e9d0e8de",
                "sha256:6bcdc9993fd7fc5df9590cad425770164849c64d803e8035ebef02e98cb9ea3d",
                "sha256:6c887aa68d58207fe18e931a6a997017e1b71f00f84011a693ddd23b55c0e08d",
                "sha256:6dad4f5407e10da52a1b06529090892325d7fa7f8081cf742308633696ba6bca",
                "sha256:708b5996c2f54b426f1e1e0767f3dcd441152802cb18e369db152a82f629bb50",
                "sha256:72c65ad0d816668f6dc7ab973e714fe803dcb39ff9c332531c463edacfaab7a7",
                "sha256:72d9c09d9ac08bcae31a2e4f7192c31f3709768ccab2cdeb59d04b1bc0cd254b",
                "sha256:7b8c82b7ae1a9da4db914058b97a42f3b9080317ef340ce06947de93f7277aeb",
                "sha256:86d24a5bf9444d453f74f8e8af0500efe866aa60c456fcc09e9b405f6e2429c8",
                "sha256:87b410fe3603acb874511889bd6703e69014a9493c5403da9c68980fc3999dcd",
                "sha256:97f7382cf1bd3cdf663bec44e1fe44a32521e9d939c5bb603517cf5a6c7ab426",
                "sha256:9af047773ecab8014560b8d6844a1887ea465b09130de5242462d9372fc0676e",
                "sha256:b8fa8040e6594394d26e102739d6fa7455758baa01b07256c2a85e945e521954",
                "sha256:ba7baf1f5883b90184455d48f1b6c9ce9cad4a8b5b7b6b40be12e0ee996e8a93",
                "sha256:c0478114a2d53a46851f32b95237e68d42b611f73c5f1c3f86db5d3ce098a4dc",
                "sha256:c52af2e478b0112ba1bca20572959ee2e9c41ec693b249f5b88d622df130409d",
                "sha256:d2a2f7dc2768aeff366bdebe7f624145b55da5a9307c81477f063ef3edc0f315",
                "sha256:d6926b43bfcfe1ee9599a484312dbcf98970eb566d8a8ee3ca5f5f46049b2131",
                "sha256:ddec6d9a3cdea4107ba5c0c6b0c62840daf8350a3176d8b602ada479094d074b",
                "sha256:f0e73204cc2b810fcc2e71e7dcd0a34faf85e7276fbc4569f7ae3146f8fd50ee",
                "sha256:fd2348363f19577db3debe837357f2e39de4ceaf7c9660c93acc72c92ceb57fa"
            ],
            "index": "pypi",
            "version": "==1.4.0b1"
        },
        "tempora": {
            "hashes": [
                "sha256:9af06854fafb26d3d40d3dd6402e8baefaf57f90e48fdc9a94f6b22827a60fb3",
                "sha256:e319840007c2913bf2f14ebf1f71b94812335d1ef4ca178e1c65c445a2d63da8"
            ],
            "version": "==4.0.1"
        },
        "urllib3": {
            "hashes": [
                "sha256:19188f96923873c92ccb987120ec4acaa12f0461fa9ce5d3d0772bc965a39e08",
                "sha256:d8ff90d979214d7b4f8ce956e80f4028fc6860e4431f731ea4a8c08f23f99473"
            ],
            "index": "pypi",
            "version": "==1.26.2"
        },
        "webencodings": {
            "hashes": [
                "sha256:a0af1213f3c2226497a97e2b3aa01a7e4bee4f403f95be16fc9acd2947514a78",
                "sha256:b36a1c245f2d304965eb4e0a82848379241dc04b865afcc4aab16748587e1923"
            ],
            "version": "==0.5.1"
        },
        "zc.lockfile": {
            "hashes": [
                "sha256:307ad78227e48be260e64896ec8886edc7eae22d8ec53e4d528ab5537a83203b",
                "sha256:cc33599b549f0c8a248cb72f3bf32d77712de1ff7ee8814312eb6456b42c015f"
            ],
            "version": "==2.0"
        },
        "zipp": {
            "hashes": [
                "sha256:102c24ef8f171fd729d46599845e95c7ab894a4cf45f5de11a44cc7444fb1108",
                "sha256:ed5eee1974372595f9e416cc7bbeeb12335201d8081ca8a0743c954d4446e5cb"
            ],
            "markers": "python_version < '3.8'",
            "version": "==3.4.0"
        }
    },
    "develop": {}
}
